
Microsoft Visual Studio Solution File, Format Version 12.00
# Visual Studio Version 16
VisualStudioVersion = 16.0.31424.327
MinimumVisualStudioVersion = 10.0.40219.1
Project("{9A19103F-16F7-4668-BE54-9A1E7A4F7556}") = "MyMessanger", "MyMessanger.csproj", "{E8F0F141-72C0-4C4A-90B4-240F34225318}"
EndProject
Project("{FAE04EC0-301F-11D3-BF4B-00C04F79EFBC}") = "ASPCoreServer", "..\ASPCoreServer\ASPCoreServer.csproj", "{C4A45352-FA8D-490C-9C17-C94BB82AADA5}"
EndProject
Global
	GlobalSection(SolutionConfigurationPlatforms) = preSolution
		Debug|Any CPU = Debug|Any CPU
		Release|Any CPU = Release|Any CPU
	EndGlobalSection
	GlobalSection(ProjectConfigurationPlatforms) = postSolution
		{E8F0F141-72C0-4C4A-90B4-240F34225318}.Debug|Any CPU.ActiveCfg = Debug|Any CPU
		{E8F0F141-72C0-4C4A-90B4-240F34225318}.Debug|Any CPU.Build.0 = Debug|Any CPU
		{E8F0F141-72C0-4C4A-90B4-240F34225318}.Release|Any CPU.ActiveCfg = Release|Any CPU
		{E8F0F141-72C0-4C4A-90B4-240F34225318}.Release|Any CPU.Build.0 = Release|Any CPU
		{C4A45352-FA8D-490C-9C17-C94BB82AADA5}.Debug|Any CPU.ActiveCfg = Debug|Any CPU
		{C4A45352-FA8D-490C-9C17-C94BB82AADA5}.Debug|Any CPU.Build.0 = Debug|Any CPU
		{C4A45352-FA8D-490C-9C17-C94BB82AADA5}.Release|Any CPU.ActiveCfg = Release|Any CPU
		{C4A45352-FA8D-490C-9C17-C94BB82AADA5}.Release|Any CPU.Build.0 = Release|Any CPU
	EndGlobalSection
	GlobalSection(SolutionProperties) = preSolution
		HideSolutionNode = FALSE
	EndGlobalSection
	GlobalSection(ExtensibilityGlobals) = postSolution
		SolutionGuid = {8B642B92-5E44-41A1-9133-C5D1A852DABE}
	EndGlobalSection
EndGlobal
